# This file is automatically @generated by Cargo.
# It is not intended for manual editing.
version = 4

[[package]]
name = "ziwei"
version = "0.1.0"
dependencies = [
 "ziwei_core",
]

[[package]]
name = "ziwei_analysis"
version = "0.1.0"

[[package]]
name = "ziwei_calendar"
version = "0.1.0"

[[package]]
name = "ziwei_core"
version = "0.1.0"

[[package]]
name = "ziwei_query"
version = "0.1.0"
